// !$*UTF8*$!
{
	archiveVersion = 1;
	classes = {
	};
	objectVersion = 56;
	objects = {

/* Begin PBXBuildFile section */
		9909F8F82B630A57002372B6 /* BasicViews.swift in Sources */ = {isa = PBXBuildFile; fileRef = 9909F8F72B630A57002372B6 /* BasicViews.swift */; };
		9909F8FA2B630BBD002372B6 /* IntermediateViews.swift in Sources */ = {isa = PBXBuildFile; fileRef = 9909F8F92B630BBD002372B6 /* IntermediateViews.swift */; };
		9909F8FD2B87F185002372B6 /* UserDefaultsManager.swift in Sources */ = {isa = PBXBuildFile; fileRef = 9909F8FB2B87F107002372B6 /* UserDefaultsManager.swift */; };
		99C61FE92B4C9DD800C1C8A4 /* ui_appApp.swift in Sources */ = {isa = PBXBuildFile; fileRef = 99C61FE82B4C9DD800C1C8A4 /* ui_appApp.swift */; };
		99C61FEB2B4C9DD800C1C8A4 /* ContentView.swift in Sources */ = {isa = PBXBuildFile; fileRef = 99C61FEA2B4C9DD800C1C8A4 /* ContentView.swift */; };
		99C61FED2B4C9DE200C1C8A4 /* Assets.xcassets in Resources */ = {isa = PBXBuildFile; fileRef = 99C61FEC2B4C9DE200C1C8A4 /* Assets.xcassets */; };
		99C61FF02B4C9DE200C1C8A4 /* Preview Assets.xcassets in Resources */ = {isa = PBXBuildFile; fileRef = 99C61FEF2B4C9DE200C1C8A4 /* Preview Assets.xcassets */; };
		99C61FFA2B4C9DE200C1C8A4 /* ui_appTests.swift in Sources */ = {isa = PBXBuildFile; fileRef = 99C61FF92B4C9DE200C1C8A4 /* ui_appTests.swift */; };
		99C620042B4C9DE200C1C8A4 /* ui_appUITests.swift in Sources */ = {isa = PBXBuildFile; fileRef = 99C620032B4C9DE200C1C8A4 /* ui_appUITests.swift */; };
		99C620062B4C9DE200C1C8A4 /* ui_appUITestsLaunchTests.swift in Sources */ = {isa = PBXBuildFile; fileRef = 99C620052B4C9DE200C1C8A4 /* ui_appUITestsLaunchTests.swift */; };
		99C620132B4F3BEC00C1C8A4 /* MainMenuView.swift in Sources */ = {isa = PBXBuildFile; fileRef = 99C620122B4F3BEC00C1C8A4 /* MainMenuView.swift */; };
/* End PBXBuildFile section */

/* Begin PBXContainerItemProxy section */
		99C61FF62B4C9DE200C1C8A4 /* PBXContainerItemProxy */ = {
			isa = PBXContainerItemProxy;
			containerPortal = 99C61FDD2B4C9DD800C1C8A4 /* Project object */;
			proxyType = 1;
			remoteGlobalIDString = 99C61FE42B4C9DD800C1C8A4;
			remoteInfo = "ui-app";
		};
		99C620002B4C9DE200C1C8A4 /* PBXContainerItemProxy */ = {
			isa = PBXContainerItemProxy;
			containerPortal = 99C61FDD2B4C9DD800C1C8A4 /* Project object */;
			proxyType = 1;
			remoteGlobalIDString = 99C61FE42B4C9DD800C1C8A4;
			remoteInfo = "ui-app";
		};
/* End PBXContainerItemProxy section */

/* Begin PBXFileReference section */
		9909F8F72B630A57002372B6 /* BasicViews.swift */ = {isa = PBXFileReference; lastKnownFileType = sourcecode.swift; path = BasicViews.swift; sourceTree = "<group>"; };
		9909F8F92B630BBD002372B6 /* IntermediateViews.swift */ = {isa = PBXFileReference; lastKnownFileType = sourcecode.swift; path = IntermediateViews.swift; sourceTree = "<group>"; };
		9909F8FB2B87F107002372B6 /* UserDefaultsManager.swift */ = {isa = PBXFileReference; lastKnownFileType = sourcecode.swift; name = UserDefaultsManager.swift; path = "ui-app/UserDefaultsManager.swift"; sourceTree = SOURCE_ROOT; };
		99C61FE52B4C9DD800C1C8A4 /* ui-app.app */ = {isa = PBXFileReference; explicitFileType = wrapper.application; includeInIndex = 0; path = "ui-app.app"; sourceTree = BUILT_PRODUCTS_DIR; };
		99C61FE82B4C9DD800C1C8A4 /* ui_appApp.swift */ = {isa = PBXFileReference; lastKnownFileType = sourcecode.swift; path = ui_appApp.swift; sourceTree = "<group>"; };
		99C61FEA2B4C9DD800C1C8A4 /* ContentView.swift */ = {isa = PBXFileReference; lastKnownFileType = sourcecode.swift; path = ContentView.swift; sourceTree = "<group>"; };
		99C61FEC2B4C9DE200C1C8A4 /* Assets.xcassets */ = {isa = PBXFileReference; lastKnownFileType = folder.assetcatalog; path = Assets.xcassets; sourceTree = "<group>"; };
		99C61FEF2B4C9DE200C1C8A4 /* Preview Assets.xcassets */ = {isa = PBXFileReference; lastKnownFileType = folder.assetcatalog; path = "Preview Assets.xcassets"; sourceTree = "<group>"; };
		99C61FF52B4C9DE200C1C8A4 /* ui-appTests.xctest */ = {isa = PBXFileReference; explicitFileType = wrapper.cfbundle; includeInIndex = 0; path = "ui-appTests.xctest"; sourceTree = BUILT_PRODUCTS_DIR; };
		99C61FF92B4C9DE200C1C8A4 /* ui_appTests.swift */ = {isa = PBXFileReference; lastKnownFileType = sourcecode.swift; path = ui_appTests.swift; sourceTree = "<group>"; };
		99C61FFF2B4C9DE200C1C8A4 /* ui-appUITests.xctest */ = {isa = PBXFileReference; explicitFileType = wrapper.cfbundle; includeInIndex = 0; path = "ui-appUITests.xctest"; sourceTree = BUILT_PRODUCTS_DIR; };
		99C620032B4C9DE200C1C8A4 /* ui_appUITests.swift */ = {isa = PBXFileReference; lastKnownFileType = sourcecode.swift; path = ui_appUITests.swift; sourceTree = "<group>"; };
		99C620052B4C9DE200C1C8A4 /* ui_appUITestsLaunchTests.swift */ = {isa = PBXFileReference; lastKnownFileType = sourcecode.swift; path = ui_appUITestsLaunchTests.swift; sourceTree = "<group>"; };
		99C620122B4F3BEC00C1C8A4 /* MainMenuView.swift */ = {isa = PBXFileReference; lastKnownFileType = sourcecode.swift; path = MainMenuView.swift; sourceTree = "<group>"; };
/* End PBXFileReference section */

/* Begin PBXFrameworksBuildPhase section */
		99C61FE22B4C9DD800C1C8A4 /* Frameworks */ = {
			isa = PBXFrameworksBuildPhase;
			buildActionMask = 2147483647;
			files = (
			);
			runOnlyForDeploymentPostprocessing = 0;
		};
		99C61FF22B4C9DE200C1C8A4 /* Frameworks */ = {
			isa = PBXFrameworksBuildPhase;
			buildActionMask = 2147483647;
			files = (
			);
			runOnlyForDeploymentPostprocessing = 0;
		};
		99C61FFC2B4C9DE200C1C8A4 /* Frameworks */ = {
			isa = PBXFrameworksBuildPhase;
			buildActionMask = 2147483647;
			files = (
			);
			runOnlyForDeploymentPostprocessing = 0;
		};
/* End PBXFrameworksBuildPhase section */

/* Begin PBXGroup section */
		99C61FDC2B4C9DD800C1C8A4 = {
			isa = PBXGroup;
			children = (
				99C61FE72B4C9DD800C1C8A4 /* ui-app */,
				99C61FF82B4C9DE200C1C8A4 /* ui-appTests */,
				99C620022B4C9DE200C1C8A4 /* ui-appUITests */,
				99C61FE62B4C9DD800C1C8A4 /* Products */,
			);
			sourceTree = "<group>";
		};
		99C61FE62B4C9DD800C1C8A4 /* Products */ = {
			isa = PBXGroup;
			children = (
				99C61FE52B4C9DD800C1C8A4 /* ui-app.app */,
				99C61FF52B4C9DE200C1C8A4 /* ui-appTests.xctest */,
				99C61FFF2B4C9DE200C1C8A4 /* ui-appUITests.xctest */,
			);
			name = Products;
			sourceTree = "<group>";
		};
		99C61FE72B4C9DD800C1C8A4 /* ui-app */ = {
			isa = PBXGroup;
			children = (
				99C61FE82B4C9DD800C1C8A4 /* ui_appApp.swift */,
				99C61FEA2B4C9DD800C1C8A4 /* ContentView.swift */,
				99C61FEC2B4C9DE200C1C8A4 /* Assets.xcassets */,
				99C61FEE2B4C9DE200C1C8A4 /* Preview Content */,
				99C620122B4F3BEC00C1C8A4 /* MainMenuView.swift */,
				9909F8F92B630BBD002372B6 /* IntermediateViews.swift */,
				9909F8F72B630A57002372B6 /* BasicViews.swift */,
				9909F8FB2B87F107002372B6 /* UserDefaultsManager.swift */,
			);
			path = "ui-app";
			sourceTree = "<group>";
		};
		99C61FEE2B4C9DE200C1C8A4 /* Preview Content */ = {
			isa = PBXGroup;
			children = (
				99C61FEF2B4C9DE200C1C8A4 /* Preview Assets.xcassets */,
			);
			path = "Preview Content";
			sourceTree = "<group>";
		};
		99C61FF82B4C9DE200C1C8A4 /* ui-appTests */ = {
			isa = PBXGroup;
			children = (
				99C61FF92B4C9DE200C1C8A4 /* ui_appTests.swift */,
			);
			path = "ui-appTests";
			sourceTree = "<group>";
		};
		99C620022B4C9DE200C1C8A4 /* ui-appUITests */ = {
			isa = PBXGroup;
			children = (
				99C620032B4C9DE200C1C8A4 /* ui_appUITests.swift */,
				99C620052B4C9DE200C1C8A4 /* ui_appUITestsLaunchTests.swift */,
			);
			path = "ui-appUITests";
			sourceTree = "<group>";
		};
/* End PBXGroup section */

/* Begin PBXNativeTarget section */
		99C61FE42B4C9DD800C1C8A4 /* ui-app */ = {
			isa = PBXNativeTarget;
			buildConfigurationList = 99C620092B4C9DE200C1C8A4 /* Build configuration list for PBXNativeTarget "ui-app" */;
			buildPhases = (
				99C61FE12B4C9DD800C1C8A4 /* Sources */,
				99C61FE22B4C9DD800C1C8A4 /* Frameworks */,
				99C61FE32B4C9DD800C1C8A4 /* Resources */,
			);
			buildRules = (
			);
			dependencies = (
			);
			name = "ui-app";
			productName = "ui-app";
			productReference = 99C61FE52B4C9DD800C1C8A4 /* ui-app.app */;
			productType = "com.apple.product-type.application";
		};
		99C61FF42B4C9DE200C1C8A4 /* ui-appTests */ = {
			isa = PBXNativeTarget;
			buildConfigurationList = 99C6200C2B4C9DE200C1C8A4 /* Build configuration list for PBXNativeTarget "ui-appTests" */;
			buildPhases = (
				99C61FF12B4C9DE200C1C8A4 /* Sources */,
				99C61FF22B4C9DE200C1C8A4 /* Frameworks */,
				99C61FF32B4C9DE200C1C8A4 /* Resources */,
			);
			buildRules = (
			);
			dependencies = (
				99C61FF72B4C9DE200C1C8A4 /* PBXTargetDependency */,
			);
			name = "ui-appTests";
			productName = "ui-appTests";
			productReference = 99C61FF52B4C9DE200C1C8A4 /* ui-appTests.xctest */;
			productType = "com.apple.product-type.bundle.unit-test";
		};
		99C61FFE2B4C9DE200C1C8A4 /* ui-appUITests */ = {
			isa = PBXNativeTarget;
			buildConfigurationList = 99C6200F2B4C9DE200C1C8A4 /* Build configuration list for PBXNativeTarget "ui-appUITests" */;
			buildPhases = (
				99C61FFB2B4C9DE200C1C8A4 /* Sources */,
				99C61FFC2B4C9DE200C1C8A4 /* Frameworks */,
				99C61FFD2B4C9DE200C1C8A4 /* Resources */,
			);
			buildRules = (
			);
			dependencies = (
				99C620012B4C9DE200C1C8A4 /* PBXTargetDependency */,
			);
			name = "ui-appUITests";
			productName = "ui-appUITests";
			productReference = 99C61FFF2B4C9DE200C1C8A4 /* ui-appUITests.xctest */;
			productType = "com.apple.product-type.bundle.ui-testing";
		};
/* End PBXNativeTarget section */

/* Begin PBXProject section */
		99C61FDD2B4C9DD800C1C8A4 /* Project object */ = {
			isa = PBXProject;
			attributes = {
				BuildIndependentTargetsInParallel = 1;
				LastSwiftUpdateCheck = 1510;
				LastUpgradeCheck = 1510;
				TargetAttributes = {
					99C61FE42B4C9DD800C1C8A4 = {
						CreatedOnToolsVersion = 15.1;
					};
					99C61FF42B4C9DE200C1C8A4 = {
						CreatedOnToolsVersion = 15.1;
						TestTargetID = 99C61FE42B4C9DD800C1C8A4;
					};
					99C61FFE2B4C9DE200C1C8A4 = {
						CreatedOnToolsVersion = 15.1;
						TestTargetID = 99C61FE42B4C9DD800C1C8A4;
					};
				};
			};
			buildConfigurationList = 99C61FE02B4C9DD800C1C8A4 /* Build configuration list for PBXProject "ui-app" */;
			compatibilityVersion = "Xcode 14.0";
			developmentRegion = en;
			hasScannedForEncodings = 0;
			knownRegions = (
				en,
				Base,
			);
			mainGroup = 99C61FDC2B4C9DD800C1C8A4;
			productRefGroup = 99C61FE62B4C9DD800C1C8A4 /* Products */;
			projectDirPath = "";
			projectRoot = "";
			targets = (
				99C61FE42B4C9DD800C1C8A4 /* ui-app */,
				99C61FF42B4C9DE200C1C8A4 /* ui-appTests */,
				99C61FFE2B4C9DE200C1C8A4 /* ui-appUITests */,
			);
		};
/* End PBXProject section */

/* Begin PBXResourcesBuildPhase section */
		99C61FE32B4C9DD800C1C8A4 /* Resources */ = {
			isa = PBXResourcesBuildPhase;
			buildActionMask = 2147483647;
			files = (
				99C61FF02B4C9DE200C1C8A4 /* Preview Assets.xcassets in Resources */,
				99C61FED2B4C9DE200C1C8A4 /* Assets.xcassets in Resources */,
			);
			runOnlyForDeploymentPostprocessing = 0;
		};
		99C61FF32B4C9DE200C1C8A4 /* Resources */ = {
			isa = PBXResourcesBuildPhase;
			buildActionMask = 2147483647;
			files = (
			);
			runOnlyForDeploymentPostprocessing = 0;
		};
		99C61FFD2B4C9DE200C1C8A4 /* Resources */ = {
			isa = PBXResourcesBuildPhase;
			buildActionMask = 2147483647;
			files = (
			);
			runOnlyForDeploymentPostprocessing = 0;
		};
/* End PBXResourcesBuildPhase section */

/* Begin PBXSourcesBuildPhase section */
		99C61FE12B4C9DD800C1C8A4 /* Sources */ = {
			isa = PBXSourcesBuildPhase;
			buildActionMask = 2147483647;
			files = (
				9909F8FA2B630BBD002372B6 /* IntermediateViews.swift in Sources */,
				99C620132B4F3BEC00C1C8A4 /* MainMenuView.swift in Sources */,
				9909F8FD2B87F185002372B6 /* UserDefaultsManager.swift in Sources */,
				99C61FEB2B4C9DD800C1C8A4 /* ContentView.swift in Sources */,
				99C61FE92B4C9DD800C1C8A4 /* ui_appApp.swift in Sources */,
				9909F8F82B630A57002372B6 /* BasicViews.swift in Sources */,
			);
			runOnlyForDeploymentPostprocessing = 0;
		};
		99C61FF12B4C9DE200C1C8A4 /* Sources */ = {
			isa = PBXSourcesBuildPhase;
			buildActionMask = 2147483647;
			files = (
				99C61FFA2B4C9DE200C1C8A4 /* ui_appTests.swift in Sources */,
			);
			runOnlyForDeploymentPostprocessing = 0;
		};
		99C61FFB2B4C9DE200C1C8A4 /* Sources */ = {
			isa = PBXSourcesBuildPhase;
			buildActionMask = 2147483647;
			files = (
				99C620062B4C9DE200C1C8A4 /* ui_appUITestsLaunchTests.swift in Sources */,
				99C620042B4C9DE200C1C8A4 /* ui_appUITests.swift in Sources */,
			);
			runOnlyForDeploymentPostprocessing = 0;
		};
/* End PBXSourcesBuildPhase section */

/* Begin PBXTargetDependency section */
		99C61FF72B4C9DE200C1C8A4 /* PBXTargetDependency */ = {
			isa = PBXTargetDependency;
			target = 99C61FE42B4C9DD800C1C8A4 /* ui-app */;
			targetProxy = 99C61FF62B4C9DE200C1C8A4 /* PBXContainerItemProxy */;
		};
		99C620012B4C9DE200C1C8A4 /* PBXTargetDependency */ = {
			isa = PBXTargetDependency;
			target = 99C61FE42B4C9DD800C1C8A4 /* ui-app */;
			targetProxy = 99C620002B4C9DE200C1C8A4 /* PBXContainerItemProxy */;
		};
/* End PBXTargetDependency section */

/* Begin XCBuildConfiguration section */
		99C620072B4C9DE200C1C8A4 /* Debug */ = {
			isa = XCBuildConfiguration;
			buildSettings = {
				ALWAYS_SEARCH_USER_PATHS = NO;
				ASSETCATALOG_COMPILER_GENERATE_SWIFT_ASSET_SYMBOL_EXTENSIONS = YES;
				CLANG_ANALYZER_NONNULL = YES;
				CLANG_ANALYZER_NUMBER_OBJECT_CONVERSION = YES_AGGRESSIVE;
				CLANG_CXX_LANGUAGE_STANDARD = "gnu++20";
				CLANG_ENABLE_MODULES = YES;
				CLANG_ENABLE_OBJC_ARC = YES;
				CLANG_ENABLE_OBJC_WEAK = YES;
				CLANG_WARN_BLOCK_CAPTURE_AUTORELEASING = YES;
				CLANG_WARN_BOOL_CONVERSION = YES;
				CLANG_WARN_COMMA = YES;
				CLANG_WARN_CONSTANT_CONVERSION = YES;
				CLANG_WARN_DEPRECATED_OBJC_IMPLEMENTATIONS = YES;
				CLANG_WARN_DIRECT_OBJC_ISA_USAGE = YES_ERROR;
				CLANG_WARN_DOCUMENTATION_COMMENTS = YES;
				CLANG_WARN_EMPTY_BODY = YES;
				CLANG_WARN_ENUM_CONVERSION = YES;
				CLANG_WARN_INFINITE_RECURSION = YES;
				CLANG_WARN_INT_CONVERSION = YES;
				CLANG_WARN_NON_LITERAL_NULL_CONVERSION = YES;
				CLANG_WARN_OBJC_IMPLICIT_RETAIN_SELF = YES;
				CLANG_WARN_OBJC_LITERAL_CONVERSION = YES;
				CLANG_WARN_OBJC_ROOT_CLASS = YES_ERROR;
				CLANG_WARN_QUOTED_INCLUDE_IN_FRAMEWORK_HEADER = YES;
				CLANG_WARN_RANGE_LOOP_ANALYSIS = YES;
				CLANG_WARN_STRICT_PROTOTYPES = YES;
				CLANG_WARN_SUSPICIOUS_MOVE = YES;
				CLANG_WARN_UNGUARDED_AVAILABILITY = YES_AGGRESSIVE;
				CLANG_WARN_UNREACHABLE_CODE = YES;
				CLANG_WARN__DUPLICATE_METHOD_MATCH = YES;
				COPY_PHASE_STRIP = NO;
				DEBUG_INFORMATION_FORMAT = dwarf;
				ENABLE_STRICT_OBJC_MSGSEND = YES;
				ENABLE_TESTABILITY = YES;
				ENABLE_USER_SCRIPT_SANDBOXING = YES;
				GCC_C_LANGUAGE_STANDARD = gnu17;
				GCC_DYNAMIC_NO_PIC = NO;
				GCC_NO_COMMON_BLOCKS = YES;
				GCC_OPTIMIZATION_LEVEL = 0;
				GCC_PREPROCESSOR_DEFINITIONS = (
					"DEBUG=1",
					"$(inherited)",
				);
				GCC_WARN_64_TO_32_BIT_CONVERSION = YES;
				GCC_WARN_ABOUT_RETURN_TYPE = YES_ERROR;
				GCC_WARN_UNDECLARED_SELECTOR = YES;
				GCC_WARN_UNINITIALIZED_AUTOS = YES_AGGRESSIVE;
				GCC_WARN_UNUSED_FUNCTION = YES;
				GCC_WARN_UNUSED_VARIABLE = YES;
				IPHONEOS_DEPLOYMENT_TARGET = 17.2;
				LOCALIZATION_PREFERS_STRING_CATALOGS = YES;
				MTL_ENABLE_DEBUG_INFO = INCLUDE_SOURCE;
				MTL_FAST_MATH = YES;
				ONLY_ACTIVE_ARCH = YES;
				SDKROOT = iphoneos;
				SWIFT_ACTIVE_COMPILATION_CONDITIONS = "DEBUG $(inherited)";
				SWIFT_OPTIMIZATION_LEVEL = "-Onone";
			};
			name = Debug;
		};
		99C620082B4C9DE200C1C8A4 /* Release */ = {
			isa = XCBuildConfiguration;
			buildSettings = {
				ALWAYS_SEARCH_USER_PATHS = NO;
				ASSETCATALOG_COMPILER_GENERATE_SWIFT_ASSET_SYMBOL_EXTENSIONS = YES;
				CLANG_ANALYZER_NONNULL = YES;
				CLANG_ANALYZER_NUMBER_OBJECT_CONVERSION = YES_AGGRESSIVE;
				CLANG_CXX_LANGUAGE_STANDARD = "gnu++20";
				CLANG_ENABLE_MODULES = YES;
				CLANG_ENABLE_OBJC_ARC = YES;
				CLANG_ENABLE_OBJC_WEAK = YES;
				CLANG_WARN_BLOCK_CAPTURE_AUTORELEASING = YES;
				CLANG_WARN_BOOL_CONVERSION = YES;
				CLANG_WARN_COMMA = YES;
				CLANG_WARN_CONSTANT_CONVERSION = YES;
				CLANG_WARN_DEPRECATED_OBJC_IMPLEMENTATIONS = YES;
				CLANG_WARN_DIRECT_OBJC_ISA_USAGE = YES_ERROR;
				CLANG_WARN_DOCUMENTATION_COMMENTS = YES;
				CLANG_WARN_EMPTY_BODY = YES;
				CLANG_WARN_ENUM_CONVERSION = YES;
				CLANG_WARN_INFINITE_RECURSION = YES;
				CLANG_WARN_INT_CONVERSION = YES;
				CLANG_WARN_NON_LITERAL_NULL_CONVERSION = YES;
				CLANG_WARN_OBJC_IMPLICIT_RETAIN_SELF = YES;
				CLANG_WARN_OBJC_LITERAL_CONVERSION = YES;
				CLANG_WARN_OBJC_ROOT_CLASS = YES_ERROR;
				CLANG_WARN_QUOTED_INCLUDE_IN_FRAMEWORK_HEADER = YES;
				CLANG_WARN_RANGE_LOOP_ANALYSIS = YES;
				CLANG_WARN_STRICT_PROTOTYPES = YES;
				CLANG_WARN_SUSPICIOUS_MOVE = YES;
				CLANG_WARN_UNGUARDED_AVAILABILITY = YES_AGGRESSIVE;
				CLANG_WARN_UNREACHABLE_CODE = YES;
				CLANG_WARN__DUPLICATE_METHOD_MATCH = YES;
				COPY_PHASE_STRIP = NO;
				DEBUG_INFORMATION_FORMAT = "dwarf-with-dsym";
				ENABLE_NS_ASSERTIONS = NO;
				ENABLE_STRICT_OBJC_MSGSEND = YES;
				ENABLE_USER_SCRIPT_SANDBOXING = YES;
				GCC_C_LANGUAGE_STANDARD = gnu17;
				GCC_NO_COMMON_BLOCKS = YES;
				GCC_WARN_64_TO_32_BIT_CONVERSION = YES;
				GCC_WARN_ABOUT_RETURN_TYPE = YES_ERROR;
				GCC_WARN_UNDECLARED_SELECTOR = YES;
				GCC_WARN_UNINITIALIZED_AUTOS = YES_AGGRESSIVE;
				GCC_WARN_UNUSED_FUNCTION = YES;
				GCC_WARN_UNUSED_VARIABLE = YES;
				IPHONEOS_DEPLOYMENT_TARGET = 17.2;
				LOCALIZATION_PREFERS_STRING_CATALOGS = YES;
				MTL_ENABLE_DEBUG_INFO = NO;
				MTL_FAST_MATH = YES;
				SDKROOT = iphoneos;
				SWIFT_COMPILATION_MODE = wholemodule;
				VALIDATE_PRODUCT = YES;
			};
			name = Release;
		};
		99C6200A2B4C9DE200C1C8A4 /* Debug */ = {
			isa = XCBuildConfiguration;
			buildSettings = {
				ASSETCATALOG_COMPILER_APPICON_NAME = AppIcon;
				ASSETCATALOG_COMPILER_GLOBAL_ACCENT_COLOR_NAME = AccentColor;
				CODE_SIGN_STYLE = Automatic;
				CURRENT_PROJECT_VERSION = 1;
				DEVELOPMENT_ASSET_PATHS = "\"ui-app/Preview Content\"";
				ENABLE_PREVIEWS = YES;
				GENERATE_INFOPLIST_FILE = YES;
				INFOPLIST_KEY_UIApplicationSceneManifest_Generation = YES;
				INFOPLIST_KEY_UIApplicationSupportsIndirectInputEvents = YES;
				INFOPLIST_KEY_UILaunchScreen_Generation = YES;
				INFOPLIST_KEY_UISupportedInterfaceOrientations_iPad = "UIInterfaceOrientationPortrait UIInterfaceOrientationPortraitUpsideDown UIInterfaceOrientationLandscapeLeft UIInterfaceOrientationLandscapeRight";
				INFOPLIST_KEY_UISupportedInterfaceOrientations_iPhone = "UIInterfaceOrientationPortrait UIInterfaceOrientationLandscapeLeft UIInterfaceOrientationLandscapeRight";
				LD_RUNPATH_SEARCH_PATHS = (
					"$(inherited)",
					"@executable_path/Frameworks",
				);
				MARKETING_VERSION = 1.0;
				PRODUCT_BUNDLE_IDENTIFIER = "com.tw.ui-app";
				PRODUCT_NAME = "$(TARGET_NAME)";
				SWIFT_EMIT_LOC_STRINGS = YES;
				SWIFT_VERSION = 5.0;
				TARGETED_DEVICE_FAMILY = "1,2";
			};
			name = Debug;
		};
		99C6200B2B4C9DE200C1C8A4 /* Release */ = {
			isa = XCBuildConfiguration;
			buildSettings = {
				ASSETCATALOG_COMPILER_APPICON_NAME = AppIcon;
				ASSETCATALOG_COMPILER_GLOBAL_ACCENT_COLOR_NAME = AccentColor;
				CODE_SIGN_STYLE = Automatic;
				CURRENT_PROJECT_VERSION = 1;
				DEVELOPMENT_ASSET_PATHS = "\"ui-app/Preview Content\"";
				ENABLE_PREVIEWS = YES;
				GENERATE_INFOPLIST_FILE = YES;
				INFOPLIST_KEY_UIApplicationSceneManifest_Generation = YES;
				INFOPLIST_KEY_UIApplicationSupportsIndirectInputEvents = YES;
				INFOPLIST_KEY_UILaunchScreen_Generation = YES;
				INFOPLIST_KEY_UISupportedInterfaceOrientations_iPad = "UIInterfaceOrientationPortrait UIInterfaceOrientationPortraitUpsideDown UIInterfaceOrientationLandscapeLeft UIInterfaceOrientationLandscapeRight";
				INFOPLIST_KEY_UISupportedInterfaceOrientations_iPhone = "UIInterfaceOrientationPortrait UIInterfaceOrientationLandscapeLeft UIInterfaceOrientationLandscapeRight";
				LD_RUNPATH_SEARCH_PATHS = (
					"$(inherited)",
					"@executable_path/Frameworks",
				);
				MARKETING_VERSION = 1.0;
				PRODUCT_BUNDLE_IDENTIFIER = "com.tw.ui-app";
				PRODUCT_NAME = "$(TARGET_NAME)";
				SWIFT_EMIT_LOC_STRINGS = YES;
				SWIFT_VERSION = 5.0;
				TARGETED_DEVICE_FAMILY = "1,2";
			};
			name = Release;
		};
		99C6200D2B4C9DE200C1C8A4 /* Debug */ = {
			isa = XCBuildConfiguration;
			buildSettings = {
				ALWAYS_EMBED_SWIFT_STANDARD_LIBRARIES = YES;
				BUNDLE_LOADER = "$(TEST_HOST)";
				CODE_SIGN_STYLE = Automatic;
				CURRENT_PROJECT_VERSION = 1;
				GENERATE_INFOPLIST_FILE = YES;
				IPHONEOS_DEPLOYMENT_TARGET = 17.2;
				MARKETING_VERSION = 1.0;
				PRODUCT_BUNDLE_IDENTIFIER = "com.tw.ui-appTests";
				PRODUCT_NAME = "$(TARGET_NAME)";
				SWIFT_EMIT_LOC_STRINGS = NO;
				SWIFT_VERSION = 5.0;
				TARGETED_DEVICE_FAMILY = "1,2";
				TEST_HOST = "$(BUILT_PRODUCTS_DIR)/ui-app.app/$(BUNDLE_EXECUTABLE_FOLDER_PATH)/ui-app";
			};
			name = Debug;
		};
		99C6200E2B4C9DE200C1C8A4 /* Release */ = {
			isa = XCBuildConfiguration;
			buildSettings = {
				ALWAYS_EMBED_SWIFT_STANDARD_LIBRARIES = YES;
				BUNDLE_LOADER = "$(TEST_HOST)";
				CODE_SIGN_STYLE = Automatic;
				CURRENT_PROJECT_VERSION = 1;
				GENERATE_INFOPLIST_FILE = YES;
				IPHONEOS_DEPLOYMENT_TARGET = 17.2;
				MARKETING_VERSION = 1.0;
				PRODUCT_BUNDLE_IDENTIFIER = "com.tw.ui-appTests";
				PRODUCT_NAME = "$(TARGET_NAME)";
				SWIFT_EMIT_LOC_STRINGS = NO;
				SWIFT_VERSION = 5.0;
				TARGETED_DEVICE_FAMILY = "1,2";
				TEST_HOST = "$(BUILT_PRODUCTS_DIR)/ui-app.app/$(BUNDLE_EXECUTABLE_FOLDER_PATH)/ui-app";
			};
			name = Release;
		};
		99C620102B4C9DE200C1C8A4 /* Debug */ = {
			isa = XCBuildConfiguration;
			buildSettings = {
				ALWAYS_EMBED_SWIFT_STANDARD_LIBRARIES = YES;
				CODE_SIGN_STYLE = Automatic;
				CURRENT_PROJECT_VERSION = 1;
				GENERATE_INFOPLIST_FILE = YES;
				MARKETING_VERSION = 1.0;
				PRODUCT_BUNDLE_IDENTIFIER = "com.tw.ui-appUITests";
				PRODUCT_NAME = "$(TARGET_NAME)";
				SWIFT_EMIT_LOC_STRINGS = NO;
				SWIFT_VERSION = 5.0;
				TARGETED_DEVICE_FAMILY = "1,2";
				TEST_TARGET_NAME = "ui-app";
			};
			name = Debug;
		};
		99C620112B4C9DE200C1C8A4 /* Release */ = {
			isa = XCBuildConfiguration;
			buildSettings = {
				ALWAYS_EMBED_SWIFT_STANDARD_LIBRARIES = YES;
				CODE_SIGN_STYLE = Automatic;
				CURRENT_PROJECT_VERSION = 1;
				GENERATE_INFOPLIST_FILE = YES;
				MARKETING_VERSION = 1.0;
				PRODUCT_BUNDLE_IDENTIFIER = "com.tw.ui-appUITests";
				PRODUCT_NAME = "$(TARGET_NAME)";
				SWIFT_EMIT_LOC_STRINGS = NO;
				SWIFT_VERSION = 5.0;
				TARGETED_DEVICE_FAMILY = "1,2";
				TEST_TARGET_NAME = "ui-app";
			};
			name = Release;
		};
/* End XCBuildConfiguration section */

/* Begin XCConfigurationList section */
		99C61FE02B4C9DD800C1C8A4 /* Build configuration list for PBXProject "ui-app" */ = {
			isa = XCConfigurationList;
			buildConfigurations = (
				99C620072B4C9DE200C1C8A4 /* Debug */,
				99C620082B4C9DE200C1C8A4 /* Release */,
			);
			defaultConfigurationIsVisible = 0;
			defaultConfigurationName = Release;
		};
		99C620092B4C9DE200C1C8A4 /* Build configuration list for PBXNativeTarget "ui-app" */ = {
			isa = XCConfigurationList;
			buildConfigurations = (
				99C6200A2B4C9DE200C1C8A4 /* Debug */,
				99C6200B2B4C9DE200C1C8A4 /* Release */,
			);
			defaultConfigurationIsVisible = 0;
			defaultConfigurationName = Release;
		};
		99C6200C2B4C9DE200C1C8A4 /* Build configuration list for PBXNativeTarget "ui-appTests" */ = {
			isa = XCConfigurationList;
			buildConfigurations = (
				99C6200D2B4C9DE200C1C8A4 /* Debug */,
				99C6200E2B4C9DE200C1C8A4 /* Release */,
			);
			defaultConfigurationIsVisible = 0;
			defaultConfigurationName = Release;
		};
		99C6200F2B4C9DE200C1C8A4 /* Build configuration list for PBXNativeTarget "ui-appUITests" */ = {
			isa = XCConfigurationList;
			buildConfigurations = (
				99C620102B4C9DE200C1C8A4 /* Debug */,
				99C620112B4C9DE200C1C8A4 /* Release */,
			);
			defaultConfigurationIsVisible = 0;
			defaultConfigurationName = Release;
		};
/* End XCConfigurationList section */
	};
	rootObject = 99C61FDD2B4C9DD800C1C8A4 /* Project object */;
}
